// !$*UTF8*$!
{
	archiveVersion = 1;
	classes = {
	};
	objectVersion = 50;
	objects = {

/* Begin PBXBuildFile section */
		BD5663612071346700723FC5 /* AppDelegate.swift in Sources */ = {isa = PBXBuildFile; fileRef = BD5663602071346700723FC5 /* AppDelegate.swift */; };
		BD5663662071346700723FC5 /* Main.storyboard in Resources */ = {isa = PBXBuildFile; fileRef = BD5663642071346700723FC5 /* Main.storyboard */; };
		BD5663682071346800723FC5 /* Assets.xcassets in Resources */ = {isa = PBXBuildFile; fileRef = BD5663672071346800723FC5 /* Assets.xcassets */; };
		BD56636B2071346800723FC5 /* LaunchScreen.storyboard in Resources */ = {isa = PBXBuildFile; fileRef = BD5663692071346800723FC5 /* LaunchScreen.storyboard */; };
		BD56637B20713A6400723FC5 /* ServerCall.swift in Sources */ = {isa = PBXBuildFile; fileRef = BD56637A20713A6400723FC5 /* ServerCall.swift */; };
		BD56637D20713A6D00723FC5 /* ListBean.swift in Sources */ = {isa = PBXBuildFile; fileRef = BD56637C20713A6D00723FC5 /* ListBean.swift */; };
		BD56637F2071592E00723FC5 /* ListVC.swift in Sources */ = {isa = PBXBuildFile; fileRef = BD56637E2071592E00723FC5 /* ListVC.swift */; };
		BD566382207159CB00723FC5 /* Extensions.swift in Sources */ = {isa = PBXBuildFile; fileRef = BD566381207159CB00723FC5 /* Extensions.swift */; };
		BD56638520715DEB00723FC5 /* ListCell.swift in Sources */ = {isa = PBXBuildFile; fileRef = BD56638420715DEB00723FC5 /* ListCell.swift */; };
		BD566387207166D100723FC5 /* Methods.swift in Sources */ = {isa = PBXBuildFile; fileRef = BD566386207166D100723FC5 /* Methods.swift */; };
		BDE670B520717B7C0017C355 /* Pref.swift in Sources */ = {isa = PBXBuildFile; fileRef = BDE670B320717B7C0017C355 /* Pref.swift */; };
		BDE670B620717B7C0017C355 /* Image.swift in Sources */ = {isa = PBXBuildFile; fileRef = BDE670B420717B7C0017C355 /* Image.swift */; };
		BDE670B8207186D50017C355 /* LoginVC.swift in Sources */ = {isa = PBXBuildFile; fileRef = BDE670B7207186D50017C355 /* LoginVC.swift */; };
		FBAF4E171654E73CEB64CE48 /* Pods_DemoAPICall.framework in Frameworks */ = {isa = PBXBuildFile; fileRef = 9E0A84CC8DB31BCD53BED0AA /* Pods_DemoAPICall.framework */; };
/* End PBXBuildFile section */

/* Begin PBXFileReference section */
		347B1BEB4CBF9EAFEC101322 /* Pods-DemoAPICall.debug.xcconfig */ = {isa = PBXFileReference; includeInIndex = 1; lastKnownFileType = text.xcconfig; name = "Pods-DemoAPICall.debug.xcconfig"; path = "Pods/Target Support Files/Pods-DemoAPICall/Pods-DemoAPICall.debug.xcconfig"; sourceTree = "<group>"; };
		9E0A84CC8DB31BCD53BED0AA /* Pods_DemoAPICall.framework */ = {isa = PBXFileReference; explicitFileType = wrapper.framework; includeInIndex = 0; path = Pods_DemoAPICall.framework; sourceTree = BUILT_PRODUCTS_DIR; };
		BAFC090262F15F512F50EDA6 /* Pods-DemoAPICall.release.xcconfig */ = {isa = PBXFileReference; includeInIndex = 1; lastKnownFileType = text.xcconfig; name = "Pods-DemoAPICall.release.xcconfig"; path = "Pods/Target Support Files/Pods-DemoAPICall/Pods-DemoAPICall.release.xcconfig"; sourceTree = "<group>"; };
		BD56635D2071346700723FC5 /* DemoAPICall.app */ = {isa = PBXFileReference; explicitFileType = wrapper.application; includeInIndex = 0; path = DemoAPICall.app; sourceTree = BUILT_PRODUCTS_DIR; };
		BD5663602071346700723FC5 /* AppDelegate.swift */ = {isa = PBXFileReference; lastKnownFileType = sourcecode.swift; path = AppDelegate.swift; sourceTree = "<group>"; };
		BD5663652071346700723FC5 /* Base */ = {isa = PBXFileReference; lastKnownFileType = file.storyboard; name = Base; path = Base.lproj/Main.storyboard; sourceTree = "<group>"; };
		BD5663672071346800723FC5 /* Assets.xcassets */ = {isa = PBXFileReference; lastKnownFileType = folder.assetcatalog; path = Assets.xcassets; sourceTree = "<group>"; };
		BD56636A2071346800723FC5 /* Base */ = {isa = PBXFileReference; lastKnownFileType = file.storyboard; name = Base; path = Base.lproj/LaunchScreen.storyboard; sourceTree = "<group>"; };
		BD56636C2071346800723FC5 /* Info.plist */ = {isa = PBXFileReference; lastKnownFileType = text.plist.xml; path = Info.plist; sourceTree = "<group>"; };
		BD5663772071362D00723FC5 /* DemoAPICall-Bridging-Header.h */ = {isa = PBXFileReference; lastKnownFileType = sourcecode.c.h; path = "DemoAPICall-Bridging-Header.h"; sourceTree = "<group>"; };
		BD56637A20713A6400723FC5 /* ServerCall.swift */ = {isa = PBXFileReference; fileEncoding = 4; lastKnownFileType = sourcecode.swift; path = ServerCall.swift; sourceTree = "<group>"; };
		BD56637C20713A6D00723FC5 /* ListBean.swift */ = {isa = PBXFileReference; fileEncoding = 4; lastKnownFileType = sourcecode.swift; path = ListBean.swift; sourceTree = "<group>"; };
		BD56637E2071592E00723FC5 /* ListVC.swift */ = {isa = PBXFileReference; lastKnownFileType = sourcecode.swift; path = ListVC.swift; sourceTree = "<group>"; };
		BD566381207159CB00723FC5 /* Extensions.swift */ = {isa = PBXFileReference; fileEncoding = 4; lastKnownFileType = sourcecode.swift; path = Extensions.swift; sourceTree = "<group>"; };
		BD56638420715DEB00723FC5 /* ListCell.swift */ = {isa = PBXFileReference; lastKnownFileType = sourcecode.swift; path = ListCell.swift; sourceTree = "<group>"; };
		BD566386207166D100723FC5 /* Methods.swift */ = {isa = PBXFileReference; fileEncoding = 4; lastKnownFileType = sourcecode.swift; path = Methods.swift; sourceTree = "<group>"; };
		BDE670B320717B7C0017C355 /* Pref.swift */ = {isa = PBXFileReference; fileEncoding = 4; lastKnownFileType = sourcecode.swift; path = Pref.swift; sourceTree = "<group>"; };
		BDE670B420717B7C0017C355 /* Image.swift */ = {isa = PBXFileReference; fileEncoding = 4; lastKnownFileType = sourcecode.swift; path = Image.swift; sourceTree = "<group>"; };
		BDE670B7207186D50017C355 /* LoginVC.swift */ = {isa = PBXFileReference; lastKnownFileType = sourcecode.swift; path = LoginVC.swift; sourceTree = "<group>"; };
/* End PBXFileReference section */

/* Begin PBXFrameworksBuildPhase section */
		BD56635A2071346700723FC5 /* Frameworks */ = {
			isa = PBXFrameworksBuildPhase;
			buildActionMask = 2147483647;
			files = (
				FBAF4E171654E73CEB64CE48 /* Pods_DemoAPICall.framework in Frameworks */,
			);
			runOnlyForDeploymentPostprocessing = 0;
		};
/* End PBXFrameworksBuildPhase section */

/* Begin PBXGroup section */
		0E21A70A8CC5C1A65A93ACFF /* Pods */ = {
			isa = PBXGroup;
			children = (
				347B1BEB4CBF9EAFEC101322 /* Pods-DemoAPICall.debug.xcconfig */,
				BAFC090262F15F512F50EDA6 /* Pods-DemoAPICall.release.xcconfig */,
			);
			name = Pods;
			sourceTree = "<group>";
		};
		6F2EB9BAF8B6C14C79FA263F /* Frameworks */ = {
			isa = PBXGroup;
			children = (
				9E0A84CC8DB31BCD53BED0AA /* Pods_DemoAPICall.framework */,
			);
			name = Frameworks;
			sourceTree = "<group>";
		};
		BD5663542071346700723FC5 = {
			isa = PBXGroup;
			children = (
				BD56635F2071346700723FC5 /* DemoAPICall */,
				BD56635E2071346700723FC5 /* Products */,
				0E21A70A8CC5C1A65A93ACFF /* Pods */,
				6F2EB9BAF8B6C14C79FA263F /* Frameworks */,
			);
			sourceTree = "<group>";
		};
		BD56635E2071346700723FC5 /* Products */ = {
			isa = PBXGroup;
			children = (
				BD56635D2071346700723FC5 /* DemoAPICall.app */,
			);
			name = Products;
			sourceTree = "<group>";
		};
		BD56635F2071346700723FC5 /* DemoAPICall */ = {
			isa = PBXGroup;
			children = (
				BD5663602071346700723FC5 /* AppDelegate.swift */,
				BD5663642071346700723FC5 /* Main.storyboard */,
				BD566374207135F100723FC5 /* WebService */,
				BD566373207135F100723FC5 /* Models */,
				BD566375207135F100723FC5 /* Controllers */,
				BD566372207135D500723FC5 /* SupportingFiles */,
			);
			path = DemoAPICall;
			sourceTree = "<group>";
		};
		BD566372207135D500723FC5 /* SupportingFiles */ = {
			isa = PBXGroup;
			children = (
				BD5663672071346800723FC5 /* Assets.xcassets */,
				BD5663692071346800723FC5 /* LaunchScreen.storyboard */,
				BD56636C2071346800723FC5 /* Info.plist */,
				BD5663772071362D00723FC5 /* DemoAPICall-Bridging-Header.h */,
			);
			name = SupportingFiles;
			sourceTree = "<group>";
		};
		BD566373207135F100723FC5 /* Models */ = {
			isa = PBXGroup;
			children = (
				BD56637C20713A6D00723FC5 /* ListBean.swift */,
			);
			path = Models;
			sourceTree = "<group>";
		};
		BD566374207135F100723FC5 /* WebService */ = {
			isa = PBXGroup;
			children = (
				BD56637A20713A6400723FC5 /* ServerCall.swift */,
			);
			path = WebService;
			sourceTree = "<group>";
		};
		BD566375207135F100723FC5 /* Controllers */ = {
			isa = PBXGroup;
			children = (
				BD566376207135F100723FC5 /* ViewControllers */,
				BD56638320715DC600723FC5 /* TableViewCells */,
				BD566380207159CB00723FC5 /* Utilities */,
			);
			path = Controllers;
			sourceTree = "<group>";
		};
		BD566376207135F100723FC5 /* ViewControllers */ = {
			isa = PBXGroup;
			children = (
				BD56637E2071592E00723FC5 /* ListVC.swift */,
				BDE670B7207186D50017C355 /* LoginVC.swift */,
			);
			path = ViewControllers;
			sourceTree = "<group>";
		};
		BD566380207159CB00723FC5 /* Utilities */ = {
			isa = PBXGroup;
			children = (
				BDE670B420717B7C0017C355 /* Image.swift */,
				BDE670B320717B7C0017C355 /* Pref.swift */,
				BD566386207166D100723FC5 /* Methods.swift */,
				BD566381207159CB00723FC5 /* Extensions.swift */,
			);
			path = Utilities;
			sourceTree = "<group>";
		};
		BD56638320715DC600723FC5 /* TableViewCells */ = {
			isa = PBXGroup;
			children = (
				BD56638420715DEB00723FC5 /* ListCell.swift */,
			);
			path = TableViewCells;
			sourceTree = "<group>";
		};
/* End PBXGroup section */

/* Begin PBXNativeTarget section */
		BD56635C2071346700723FC5 /* DemoAPICall */ = {
			isa = PBXNativeTarget;
			buildConfigurationList = BD56636F2071346800723FC5 /* Build configuration list for PBXNativeTarget "DemoAPICall" */;
			buildPhases = (
				7FCECB6DB9F98E20B00AC026 /* [CP] Check Pods Manifest.lock */,
				BD5663592071346700723FC5 /* Sources */,
				BD56635A2071346700723FC5 /* Frameworks */,
				BD56635B2071346700723FC5 /* Resources */,
				9259ECC21DEE77546AA4BA6E /* [CP] Embed Pods Frameworks */,
				280E0FA7B22B2EBEA6E29BF3 /* [CP] Copy Pods Resources */,
			);
			buildRules = (
			);
			dependencies = (
			);
			name = DemoAPICall;
			productName = DemoAPICall;
			productReference = BD56635D2071346700723FC5 /* DemoAPICall.app */;
			productType = "com.apple.product-type.application";
		};
/* End PBXNativeTarget section */

/* Begin PBXProject section */
		BD5663552071346700723FC5 /* Project object */ = {
			isa = PBXProject;
			attributes = {
				LastSwiftUpdateCheck = 0930;
				LastUpgradeCheck = 0930;
				ORGANIZATIONNAME = "GAURAV RAMI";
				TargetAttributes = {
					BD56635C2071346700723FC5 = {
						CreatedOnToolsVersion = 9.3;
						LastSwiftMigration = 0930;
					};
				};
			};
			buildConfigurationList = BD5663582071346700723FC5 /* Build configuration list for PBXProject "DemoAPICall" */;
			compatibilityVersion = "Xcode 9.3";
			developmentRegion = en;
			hasScannedForEncodings = 0;
			knownRegions = (
				en,
				Base,
			);
			mainGroup = BD5663542071346700723FC5;
			productRefGroup = BD56635E2071346700723FC5 /* Products */;
			projectDirPath = "";
			projectRoot = "";
			targets = (
				BD56635C2071346700723FC5 /* DemoAPICall */,
			);
		};
/* End PBXProject section */

/* Begin PBXResourcesBuildPhase section */
		BD56635B2071346700723FC5 /* Resources */ = {
			isa = PBXResourcesBuildPhase;
			buildActionMask = 2147483647;
			files = (
				BD56636B2071346800723FC5 /* LaunchScreen.storyboard in Resources */,
				BD5663682071346800723FC5 /* Assets.xcassets in Resources */,
				BD5663662071346700723FC5 /* Main.storyboard in Resources */,
			);
			runOnlyForDeploymentPostprocessing = 0;
		};
/* End PBXResourcesBuildPhase section */

/* Begin PBXShellScriptBuildPhase section */
		280E0FA7B22B2EBEA6E29BF3 /* [CP] Copy Pods Resources */ = {
			isa = PBXShellScriptBuildPhase;
			buildActionMask = 2147483647;
			files = (
			);
			inputPaths = (
			);
			name = "[CP] Copy Pods Resources";
			outputPaths = (
			);
			runOnlyForDeploymentPostprocessing = 0;
			shellPath = /bin/sh;
			shellScript = "\"${SRCROOT}/Pods/Target Support Files/Pods-DemoAPICall/Pods-DemoAPICall-resources.sh\"\n";
			showEnvVarsInLog = 0;
		};
		7FCECB6DB9F98E20B00AC026 /* [CP] Check Pods Manifest.lock */ = {
			isa = PBXShellScriptBuildPhase;
			buildActionMask = 2147483647;
			files = (
			);
			inputPaths = (
				"${PODS_PODFILE_DIR_PATH}/Podfile.lock",
				"${PODS_ROOT}/Manifest.lock",
			);
			name = "[CP] Check Pods Manifest.lock";
			outputPaths = (
				"$(DERIVED_FILE_DIR)/Pods-DemoAPICall-checkManifestLockResult.txt",
			);
			runOnlyForDeploymentPostprocessing = 0;
			shellPath = /bin/sh;
			shellScript = "diff \"${PODS_PODFILE_DIR_PATH}/Podfile.lock\" \"${PODS_ROOT}/Manifest.lock\" > /dev/null\nif [ $? != 0 ] ; then\n    # print error to STDERR\n    echo \"error: The sandbox is not in sync with the Podfile.lock. Run 'pod install' or update your CocoaPods installation.\" >&2\n    exit 1\nfi\n# This output is used by Xcode 'outputs' to avoid re-running this script phase.\necho \"SUCCESS\" > \"${SCRIPT_OUTPUT_FILE_0}\"\n";
			showEnvVarsInLog = 0;
		};
		9259ECC21DEE77546AA4BA6E /* [CP] Embed Pods Frameworks */ = {
			isa = PBXShellScriptBuildPhase;
			buildActionMask = 2147483647;
			files = (
			);
			inputPaths = (
				"${SRCROOT}/Pods/Target Support Files/Pods-DemoAPICall/Pods-DemoAPICall-frameworks.sh",
				"${BUILT_PRODUCTS_DIR}/Alamofire/Alamofire.framework",
				"${BUILT_PRODUCTS_DIR}/IQKeyboardManagerSwift/IQKeyboardManagerSwift.framework",
				"${BUILT_PRODUCTS_DIR}/SDWebImage/SDWebImage.framework",
				"${BUILT_PRODUCTS_DIR}/SVProgressHUD/SVProgressHUD.framework",
			);
			name = "[CP] Embed Pods Frameworks";
			outputPaths = (
				"${TARGET_BUILD_DIR}/${FRAMEWORKS_FOLDER_PATH}/Alamofire.framework",
				"${TARGET_BUILD_DIR}/${FRAMEWORKS_FOLDER_PATH}/IQKeyboardManagerSwift.framework",
				"${TARGET_BUILD_DIR}/${FRAMEWORKS_FOLDER_PATH}/SDWebImage.framework",
				"${TARGET_BUILD_DIR}/${FRAMEWORKS_FOLDER_PATH}/SVProgressHUD.framework",
			);
			runOnlyForDeploymentPostprocessing = 0;
			shellPath = /bin/sh;
			shellScript = "\"${SRCROOT}/Pods/Target Support Files/Pods-DemoAPICall/Pods-DemoAPICall-frameworks.sh\"\n";
			showEnvVarsInLog = 0;
		};
/* End PBXShellScriptBuildPhase section */

/* Begin PBXSourcesBuildPhase section */
		BD5663592071346700723FC5 /* Sources */ = {
			isa = PBXSourcesBuildPhase;
			buildActionMask = 2147483647;
			files = (
				BD566382207159CB00723FC5 /* Extensions.swift in Sources */,
				BDE670B620717B7C0017C355 /* Image.swift in Sources */,
				BD566387207166D100723FC5 /* Methods.swift in Sources */,
				BDE670B520717B7C0017C355 /* Pref.swift in Sources */,
				BDE670B8207186D50017C355 /* LoginVC.swift in Sources */,
				BD56637F2071592E00723FC5 /* ListVC.swift in Sources */,
				BD56637D20713A6D00723FC5 /* ListBean.swift in Sources */,
				BD56638520715DEB00723FC5 /* ListCell.swift in Sources */,
				BD56637B20713A6400723FC5 /* ServerCall.swift in Sources */,
				BD5663612071346700723FC5 /* AppDelegate.swift in Sources */,
			);
			runOnlyForDeploymentPostprocessing = 0;
		};
/* End PBXSourcesBuildPhase section */

/* Begin PBXVariantGroup section */
		BD5663642071346700723FC5 /* Main.storyboard */ = {
			isa = PBXVariantGroup;
			children = (
				BD5663652071346700723FC5 /* Base */,
			);
			name = Main.storyboard;
			sourceTree = "<group>";
		};
		BD5663692071346800723FC5 /* LaunchScreen.storyboard */ = {
			isa = PBXVariantGroup;
			children = (
				BD56636A2071346800723FC5 /* Base */,
			);
			name = LaunchScreen.storyboard;
			sourceTree = "<group>";
		};
/* End PBXVariantGroup section */

/* Begin XCBuildConfiguration section */
		BD56636D2071346800723FC5 /* Debug */ = {
			isa = XCBuildConfiguration;
			buildSettings = {
				ALWAYS_SEARCH_USER_PATHS = NO;
				CLANG_ANALYZER_NONNULL = YES;
				CLANG_ANALYZER_NUMBER_OBJECT_CONVERSION = YES_AGGRESSIVE;
				CLANG_CXX_LANGUAGE_STANDARD = "gnu++14";
				CLANG_CXX_LIBRARY = "libc++";
				CLANG_ENABLE_MODULES = YES;
				CLANG_ENABLE_OBJC_ARC = YES;
				CLANG_ENABLE_OBJC_WEAK = YES;
				CLANG_WARN_BLOCK_CAPTURE_AUTORELEASING = YES;
				CLANG_WARN_BOOL_CONVERSION = YES;
				CLANG_WARN_COMMA = YES;
				CLANG_WARN_CONSTANT_CONVERSION = YES;
				CLANG_WARN_DEPRECATED_OBJC_IMPLEMENTATIONS = YES;
				CLANG_WARN_DIRECT_OBJC_ISA_USAGE = YES_ERROR;
				CLANG_WARN_DOCUMENTATION_COMMENTS = YES;
				CLANG_WARN_EMPTY_BODY = YES;
				CLANG_WARN_ENUM_CONVERSION = YES;
				CLANG_WARN_INFINITE_RECURSION = YES;
				CLANG_WARN_INT_CONVERSION = YES;
				CLANG_WARN_NON_LITERAL_NULL_CONVERSION = YES;
				CLANG_WARN_OBJC_IMPLICIT_RETAIN_SELF = YES;
				CLANG_WARN_OBJC_LITERAL_CONVERSION = YES;
				CLANG_WARN_OBJC_ROOT_CLASS = YES_ERROR;
				CLANG_WARN_RANGE_LOOP_ANALYSIS = YES;
				CLANG_WARN_STRICT_PROTOTYPES = YES;
				CLANG_WARN_SUSPICIOUS_MOVE = YES;
				CLANG_WARN_UNGUARDED_AVAILABILITY = YES_AGGRESSIVE;
				CLANG_WARN_UNREACHABLE_CODE = YES;
				CLANG_WARN__DUPLICATE_METHOD_MATCH = YES;
				CODE_SIGN_IDENTITY = "iPhone Developer";
				COPY_PHASE_STRIP = NO;
				DEBUG_INFORMATION_FORMAT = dwarf;
				ENABLE_STRICT_OBJC_MSGSEND = YES;
				ENABLE_TESTABILITY = YES;
				GCC_C_LANGUAGE_STANDARD = gnu11;
				GCC_DYNAMIC_NO_PIC = NO;
				GCC_NO_COMMON_BLOCKS = YES;
				GCC_OPTIMIZATION_LEVEL = 0;
				GCC_PREPROCESSOR_DEFINITIONS = (
					"DEBUG=1",
					"$(inherited)",
				);
				GCC_WARN_64_TO_32_BIT_CONVERSION = YES;
				GCC_WARN_ABOUT_RETURN_TYPE = YES_ERROR;
				GCC_WARN_UNDECLARED_SELECTOR = YES;
				GCC_WARN_UNINITIALIZED_AUTOS = YES_AGGRESSIVE;
				GCC_WARN_UNUSED_FUNCTION = YES;
				GCC_WARN_UNUSED_VARIABLE = YES;
				IPHONEOS_DEPLOYMENT_TARGET = 11.3;
				MTL_ENABLE_DEBUG_INFO = YES;
				ONLY_ACTIVE_ARCH = YES;
				SDKROOT = iphoneos;
				SWIFT_ACTIVE_COMPILATION_CONDITIONS = DEBUG;
				SWIFT_OPTIMIZATION_LEVEL = "-Onone";
			};
			name = Debug;
		};
		BD56636E2071346800723FC5 /* Release */ = {
			isa = XCBuildConfiguration;
			buildSettings = {
				ALWAYS_SEARCH_USER_PATHS = NO;
				CLANG_ANALYZER_NONNULL = YES;
				CLANG_ANALYZER_NUMBER_OBJECT_CONVERSION = YES_AGGRESSIVE;
				CLANG_CXX_LANGUAGE_STANDARD = "gnu++14";
				CLANG_CXX_LIBRARY = "libc++";
				CLANG_ENABLE_MODULES = YES;
				CLANG_ENABLE_OBJC_ARC = YES;
				CLANG_ENABLE_OBJC_WEAK = YES;
				CLANG_WARN_BLOCK_CAPTURE_AUTORELEASING = YES;
				CLANG_WARN_BOOL_CONVERSION = YES;
				CLANG_WARN_COMMA = YES;
				CLANG_WARN_CONSTANT_CONVERSION = YES;
				CLANG_WARN_DEPRECATED_OBJC_IMPLEMENTATIONS = YES;
				CLANG_WARN_DIRECT_OBJC_ISA_USAGE = YES_ERROR;
				CLANG_WARN_DOCUMENTATION_COMMENTS = YES;
				CLANG_WARN_EMPTY_BODY = YES;
				CLANG_WARN_ENUM_CONVERSION = YES;
				CLANG_WARN_INFINITE_RECURSION = YES;
				CLANG_WARN_INT_CONVERSION = YES;
				CLANG_WARN_NON_LITERAL_NULL_CONVERSION = YES;
				CLANG_WARN_OBJC_IMPLICIT_RETAIN_SELF = YES;
				CLANG_WARN_OBJC_LITERAL_CONVERSION = YES;
				CLANG_WARN_OBJC_ROOT_CLASS = YES_ERROR;
				CLANG_WARN_RANGE_LOOP_ANALYSIS = YES;
				CLANG_WARN_STRICT_PROTOTYPES = YES;
				CLANG_WARN_SUSPICIOUS_MOVE = YES;
				CLANG_WARN_UNGUARDED_AVAILABILITY = YES_AGGRESSIVE;
				CLANG_WARN_UNREACHABLE_CODE = YES;
				CLANG_WARN__DUPLICATE_METHOD_MATCH = YES;
				CODE_SIGN_IDENTITY = "iPhone Developer";
				COPY_PHASE_STRIP = NO;
				DEBUG_INFORMATION_FORMAT = "dwarf-with-dsym";
				ENABLE_NS_ASSERTIONS = NO;
				ENABLE_STRICT_OBJC_MSGSEND = YES;
				GCC_C_LANGUAGE_STANDARD = gnu11;
				GCC_NO_COMMON_BLOCKS = YES;
				GCC_WARN_64_TO_32_BIT_CONVERSION = YES;
				GCC_WARN_ABOUT_RETURN_TYPE = YES_ERROR;
				GCC_WARN_UNDECLARED_SELECTOR = YES;
				GCC_WARN_UNINITIALIZED_AUTOS = YES_AGGRESSIVE;
				GCC_WARN_UNUSED_FUNCTION = YES;
				GCC_WARN_UNUSED_VARIABLE = YES;
				IPHONEOS_DEPLOYMENT_TARGET = 11.3;
				MTL_ENABLE_DEBUG_INFO = NO;
				SDKROOT = iphoneos;
				SWIFT_COMPILATION_MODE = wholemodule;
				SWIFT_OPTIMIZATION_LEVEL = "-O";
				VALIDATE_PRODUCT = YES;
			};
			name = Release;
		};
		BD5663702071346800723FC5 /* Debug */ = {
			isa = XCBuildConfiguration;
			baseConfigurationReference = 347B1BEB4CBF9EAFEC101322 /* Pods-DemoAPICall.debug.xcconfig */;
			buildSettings = {
				ASSETCATALOG_COMPILER_APPICON_NAME = AppIcon;
				CLANG_ENABLE_MODULES = YES;
				CODE_SIGN_STYLE = Manual;
				DEVELOPMENT_TEAM = "";
				INFOPLIST_FILE = DemoAPICall/Info.plist;
				LD_RUNPATH_SEARCH_PATHS = (
					"$(inherited)",
					"@executable_path/Frameworks",
				);
				PRODUCT_BUNDLE_IDENTIFIER = com.rami.DemoAPICall;
				PRODUCT_NAME = "$(TARGET_NAME)";
				PROVISIONING_PROFILE_SPECIFIER = "";
				SWIFT_OBJC_BRIDGING_HEADER = "DemoAPICall/DemoAPICall-Bridging-Header.h";
				SWIFT_OPTIMIZATION_LEVEL = "-Onone";
				SWIFT_VERSION = 3.0;
				TARGETED_DEVICE_FAMILY = "1,2";
			};
			name = Debug;
		};
		BD5663712071346800723FC5 /* Release */ = {
			isa = XCBuildConfiguration;
			baseConfigurationReference = BAFC090262F15F512F50EDA6 /* Pods-DemoAPICall.release.xcconfig */;
			buildSettings = {
				ASSETCATALOG_COMPILER_APPICON_NAME = AppIcon;
				CLANG_ENABLE_MODULES = YES;
				CODE_SIGN_STYLE = Manual;
				DEVELOPMENT_TEAM = "";
				INFOPLIST_FILE = DemoAPICall/Info.plist;
				LD_RUNPATH_SEARCH_PATHS = (
					"$(inherited)",
					"@executable_path/Frameworks",
				);
				PRODUCT_BUNDLE_IDENTIFIER = com.rami.DemoAPICall;
				PRODUCT_NAME = "$(TARGET_NAME)";
				PROVISIONING_PROFILE_SPECIFIER = "";
				SWIFT_OBJC_BRIDGING_HEADER = "DemoAPICall/DemoAPICall-Bridging-Header.h";
				SWIFT_VERSION = 3.0;
				TARGETED_DEVICE_FAMILY = "1,2";
			};
			name = Release;
		};
/* End XCBuildConfiguration section */

/* Begin XCConfigurationList section */
		BD5663582071346700723FC5 /* Build configuration list for PBXProject "DemoAPICall" */ = {
			isa = XCConfigurationList;
			buildConfigurations = (
				BD56636D2071346800723FC5 /* Debug */,
				BD56636E2071346800723FC5 /* Release */,
			);
			defaultConfigurationIsVisible = 0;
			defaultConfigurationName = Release;
		};
		BD56636F2071346800723FC5 /* Build configuration list for PBXNativeTarget "DemoAPICall" */ = {
			isa = XCConfigurationList;
			buildConfigurations = (
				BD5663702071346800723FC5 /* Debug */,
				BD5663712071346800723FC5 /* Release */,
			);
			defaultConfigurationIsVisible = 0;
			defaultConfigurationName = Release;
		};
/* End XCConfigurationList section */
	};
	rootObject = BD5663552071346700723FC5 /* Project object */;
}
